
Microsoft Visual Studio Solution File, Format Version 12.00
# Visual Studio Express 14 for Windows Desktop
VisualStudioVersion = 14.0.23107.0
MinimumVisualStudioVersion = 10.0.40219.1
Project("{FAE04EC0-301F-11D3-BF4B-00C04F79EFBC}") = "triangle", "triangle\triangle.csproj", "{709F9D39-D845-4F2A-8ECE-10547869036E}"
EndProject
Global
	GlobalSection(SolutionConfigurationPlatforms) = preSolution
		Debug|Any CPU = Debug|Any CPU
		Release|Any CPU = Release|Any CPU
	EndGlobalSection
	GlobalSection(ProjectConfigurationPlatforms) = postSolution
		{709F9D39-D845-4F2A-8ECE-10547869036E}.Debug|Any CPU.ActiveCfg = Debug|Any CPU
		{709F9D39-D845-4F2A-8ECE-10547869036E}.Debug|Any CPU.Build.0 = Debug|Any CPU
		{709F9D39-D845-4F2A-8ECE-10547869036E}.Release|Any CPU.ActiveCfg = Release|Any CPU
		{709F9D39-D845-4F2A-8ECE-10547869036E}.Release|Any CPU.Build.0 = Release|Any CPU
	EndGlobalSection
	GlobalSection(SolutionProperties) = preSolution
		HideSolutionNode = FALSE
	EndGlobalSection
EndGlobal
